
Microsoft Visual Studio Solution File, Format Version 12.00
# Visual Studio Version 17
VisualStudioVersion = 17.3.32901.215
MinimumVisualStudioVersion = 10.0.40219.1
Project("{FAE04EC0-301F-11D3-BF4B-00C04F79EFBC}") = "Harmonic_N", "Harmonic_N\Harmonic_N.csproj", "{7878F10E-E77A-41EA-A2BF-2C1B0B657722}"
EndProject
Global
	GlobalSection(SolutionConfigurationPlatforms) = preSolution
		Debug|Any CPU = Debug|Any CPU
		Release|Any CPU = Release|Any CPU
	EndGlobalSection
	GlobalSection(ProjectConfigurationPlatforms) = postSolution
		{7878F10E-E77A-41EA-A2BF-2C1B0B657722}.Debug|Any CPU.ActiveCfg = Debug|Any CPU
		{7878F10E-E77A-41EA-A2BF-2C1B0B657722}.Debug|Any CPU.Build.0 = Debug|Any CPU
		{7878F10E-E77A-41EA-A2BF-2C1B0B657722}.Release|Any CPU.ActiveCfg = Release|Any CPU
		{7878F10E-E77A-41EA-A2BF-2C1B0B657722}.Release|Any CPU.Build.0 = Release|Any CPU
	EndGlobalSection
	GlobalSection(SolutionProperties) = preSolution
		HideSolutionNode = FALSE
	EndGlobalSection
	GlobalSection(ExtensibilityGlobals) = postSolution
		SolutionGuid = {F716EC26-D496-4785-B910-2435F6AD614D}
	EndGlobalSection
EndGlobal
