
Microsoft Visual Studio Solution File, Format Version 12.00
# Visual Studio Version 17
VisualStudioVersion = 17.3.32901.215
MinimumVisualStudioVersion = 10.0.40219.1
Project("{FAE04EC0-301F-11D3-BF4B-00C04F79EFBC}") = "Power_Of_Two", "Power_Of_Two\Power_Of_Two.csproj", "{37DDE1C5-C38E-48A2-9F7E-085D23DA8ED7}"
EndProject
Global
	GlobalSection(SolutionConfigurationPlatforms) = preSolution
		Debug|Any CPU = Debug|Any CPU
		Release|Any CPU = Release|Any CPU
	EndGlobalSection
	GlobalSection(ProjectConfigurationPlatforms) = postSolution
		{37DDE1C5-C38E-48A2-9F7E-085D23DA8ED7}.Debug|Any CPU.ActiveCfg = Debug|Any CPU
		{37DDE1C5-C38E-48A2-9F7E-085D23DA8ED7}.Debug|Any CPU.Build.0 = Debug|Any CPU
		{37DDE1C5-C38E-48A2-9F7E-085D23DA8ED7}.Release|Any CPU.ActiveCfg = Release|Any CPU
		{37DDE1C5-C38E-48A2-9F7E-085D23DA8ED7}.Release|Any CPU.Build.0 = Release|Any CPU
	EndGlobalSection
	GlobalSection(SolutionProperties) = preSolution
		HideSolutionNode = FALSE
	EndGlobalSection
	GlobalSection(ExtensibilityGlobals) = postSolution
		SolutionGuid = {E95F46A1-D1D4-4B61-93F8-E07F2C6ACE16}
	EndGlobalSection
EndGlobal
